%{
  "beam_notify": {:hex, :beam_notify, "1.0.0", "5b8dceed76f8ac4acadf4d2915ac85b98c42bb17d7dd58253c7593d2a0deedbd", [:make, :mix], [{:elixir_make, "~> 0.6", [hex: :elixir_make, repo: "hexpm", optional: false]}], "hexpm", "a80331f6c3596918affa408d91ed634106b7ae71b3fc589432363aca68378362"},
  "castore": {:hex, :castore, "1.0.3", "7130ba6d24c8424014194676d608cb989f62ef8039efd50ff4b3f33286d06db8", [:mix], [], "hexpm", "680ab01ef5d15b161ed6a95449fac5c6b8f60055677a8e79acf01b27baa4390b"},
  "circular_buffer": {:hex, :circular_buffer, "0.4.1", "477f370fd8cfe1787b0a1bade6208bbd274b34f1610e41f1180ba756a7679839", [:mix], [], "hexpm", "633ef2e059dde0d7b89bbab13b1da9d04c6685e80e68fbdf41282d4fae746b72"},
  "cowboy": {:hex, :cowboy, "2.9.0", "865dd8b6607e14cf03282e10e934023a1bd8be6f6bacf921a7e2a96d800cd452", [:make, :rebar3], [{:cowlib, "2.11.0", [hex: :cowlib, repo: "hexpm", optional: false]}, {:ranch, "1.8.0", [hex: :ranch, repo: "hexpm", optional: false]}], "hexpm", "2c729f934b4e1aa149aff882f57c6372c15399a20d54f65c8d67bef583021bde"},
  "cowboy_telemetry": {:hex, :cowboy_telemetry, "0.4.0", "f239f68b588efa7707abce16a84d0d2acf3a0f50571f8bb7f56a15865aae820c", [:rebar3], [{:cowboy, "~> 2.7", [hex: :cowboy, repo: "hexpm", optional: false]}, {:telemetry, "~> 1.0", [hex: :telemetry, repo: "hexpm", optional: false]}], "hexpm", "7d98bac1ee4565d31b62d59f8823dfd8356a169e7fcbb83831b8a5397404c9de"},
  "cowlib": {:hex, :cowlib, "2.11.0", "0b9ff9c346629256c42ebe1eeb769a83c6cb771a6ee5960bd110ab0b9b872063", [:make, :rebar3], [], "hexpm", "2b3e9da0b21c4565751a6d4901c20d1b4cc25cbb7fd50d91d2ab6dd287bc86a9"},
  "delux": {:hex, :delux, "0.4.1", "9a8eb85101a189da8e2a318ffe6ae4da551b287ce261b0468e2634f85bb37141", [:mix], [], "hexpm", "d639eafd80c535a3bfd62e589b38e89cef9f5318c80903019711e29df8cd1439"},
  "dns": {:hex, :dns, "2.4.0", "44790a0375b28bdc7b59fc894460bfcb03ffeec4c5984e2c3e8b0797b1518327", [:mix], [], "hexpm", "e178e353c469820d02ba889d6a80d01c8c27b47dfcda4016a9cbc6218e3eed64"},
  "elixir_make": {:hex, :elixir_make, "0.7.7", "7128c60c2476019ed978210c245badf08b03dbec4f24d05790ef791da11aa17c", [:mix], [{:castore, "~> 0.1 or ~> 1.0", [hex: :castore, repo: "hexpm", optional: true]}], "hexpm", "5bc19fff950fad52bbe5f211b12db9ec82c6b34a9647da0c2224b8b8464c7e6c"},
  "elixir_mlx90640": {:hex, :elixir_mlx90640, "0.1.13", "98aa1f863650fb2df54988a041fcae5dacb392f55affdce4729b24983da1e099", [:make, :mix], [{:elixir_make, "~> 0.4", [hex: :elixir_make, repo: "hexpm", optional: false]}], "hexpm", "de3a258024d09d73482c789b613e30af37ae4ff7de81a4ebcdc4770c2d7336a1"},
  "esbuild": {:hex, :esbuild, "0.6.0", "9ba6ead054abd43cb3d7b14946a0cdd1493698ccd8e054e0e5d6286d7f0f509c", [:mix], [{:castore, ">= 0.0.0", [hex: :castore, repo: "hexpm", optional: false]}], "hexpm", "30f9a05d4a5bab0d3e37398f312f80864e1ee1a081ca09149d06d474318fd040"},
  "gen_state_machine": {:hex, :gen_state_machine, "3.0.0", "1e57f86a494e5c6b14137ebef26a7eb342b3b0070c7135f2d6768ed3f6b6cdff", [:mix], [], "hexpm", "0a59652574bebceb7309f6b749d2a41b45fdeda8dbb4da0791e355dd19f0ed15"},
  "gettext": {:hex, :gettext, "0.20.0", "75ad71de05f2ef56991dbae224d35c68b098dd0e26918def5bb45591d5c8d429", [:mix], [], "hexpm", "1c03b177435e93a47441d7f681a7040bd2a816ece9e2666d1c9001035121eb3d"},
  "jason": {:hex, :jason, "1.4.1", "af1504e35f629ddcdd6addb3513c3853991f694921b1b9368b0bd32beb9f1b63", [:mix], [{:decimal, "~> 1.0 or ~> 2.0", [hex: :decimal, repo: "hexpm", optional: true]}], "hexpm", "fbb01ecdfd565b56261302f7e1fcc27c4fb8f32d56eab74db621fc154604a7a1"},
  "mdns": {:hex, :mdns, "1.0.13", "7e56a193942826232a799171a2bc50977acc41981e2dc3693196df61ca272005", [:mix], [{:dns, "~> 2.4", [hex: :dns, repo: "hexpm", optional: false]}], "hexpm", "c16129884f9fb49233d5f03d00148e813ef5841864fc4b629e6b8e1307eaecbc"},
  "mdns_lite": {:hex, :mdns_lite, "0.8.6", "cafdcde5be222d151342629637ec3178619090e4668a57c8cfdc67d970d0b268", [:mix], [{:vintage_net, "~> 0.7", [hex: :vintage_net, repo: "hexpm", optional: true]}], "hexpm", "7b6fcf2d45be8823492b77380f69510327d3a98f6b17d403f355daf31e1ac961"},
  "mime": {:hex, :mime, "2.0.3", "3676436d3d1f7b81b5a2d2bd8405f412c677558c81b1c92be58c00562bb59095", [:mix], [], "hexpm", "27a30bf0db44d25eecba73755acf4068cbfe26a4372f9eb3e4ea3a45956bff6b"},
  "muontrap": {:hex, :muontrap, "1.1.0", "911a8991fcb3b9fe3a1a3331dc51c7e8538e4b1130c03cd5f06c763ce7eb221f", [:make, :mix], [{:elixir_make, "~> 0.6", [hex: :elixir_make, repo: "hexpm", optional: false]}], "hexpm", "011625c64aeb744200412f5de9a847a94b612b2ed84c60f214b3c1497b64aeb2"},
  "nerves": {:hex, :nerves, "1.10.4", "9c7e1f3e0e2896216c1b623dc05e05ec434d5f3f1d8291d4688b61b1a4f5540d", [:make, :mix], [{:castore, "~> 0.1 or ~> 1.0", [hex: :castore, repo: "hexpm", optional: false]}, {:elixir_make, "~> 0.6", [hex: :elixir_make, repo: "hexpm", optional: false]}, {:jason, "~> 1.2", [hex: :jason, repo: "hexpm", optional: false]}], "hexpm", "2e9c728f1d95e6ce998a4836d2f96f27777663953339d0f85fb68dc11ab48f1d"},
  "nerves_firmware_ssh": {:hex, :nerves_firmware_ssh, "0.4.6", "6f46f3af9698aa3683c7b98d444771efbce357b42d81de44e1076d99ccac8778", [:mix], [{:nerves_runtime, "~> 0.6", [hex: :nerves_runtime, repo: "hexpm", optional: false]}], "hexpm", "6c2be4c832160bcb90ade8e0d056d9d18d42306545cee3c52b25cb9865abcab5"},
  "nerves_init_gadget": {:hex, :nerves_init_gadget, "0.7.0", "7402b190a7354fc4df53e707e1a8e421352ac6c3dba4262273d1f1a55bbb019b", [:mix], [{:mdns, "~> 1.0", [hex: :mdns, repo: "hexpm", optional: false]}, {:nerves_firmware_ssh, "~> 0.2", [hex: :nerves_firmware_ssh, repo: "hexpm", optional: false]}, {:nerves_network, "~> 0.3", [hex: :nerves_network, repo: "hexpm", optional: false]}, {:nerves_runtime, "~> 0.3", [hex: :nerves_runtime, repo: "hexpm", optional: false]}, {:nerves_time, "~> 0.2", [hex: :nerves_time, repo: "hexpm", optional: false]}, {:one_dhcpd, "~> 0.1", [hex: :one_dhcpd, repo: "hexpm", optional: false]}, {:ring_logger, "~> 0.4", [hex: :ring_logger, repo: "hexpm", optional: false]}], "hexpm", "989df1fd939545ae3f1a7185d7447273f7700b0a0bc204fbb1b18e03e6d38ad3"},
  "nerves_logging": {:hex, :nerves_logging, "0.2.0", "4099b860f41a0171ff49fbc1e86ee0ce4576c24c1cf318a0fd0bf227355e8c12", [:make, :mix], [{:elixir_make, "~> 0.6", [hex: :elixir_make, repo: "hexpm", optional: false]}], "hexpm", "07cfb9fe9d21b908da51b81a1ced858288c68519204aca7aa2c1fcd531d5e059"},
  "nerves_motd": {:hex, :nerves_motd, "0.1.9", "9a89fb8da120d242740194fca7c98ae2698d1c4fe79c5501d841f38f7fc7df88", [:mix], [{:nerves_runtime, "~> 0.8", [hex: :nerves_runtime, repo: "hexpm", optional: false]}, {:nerves_time_zones, "~> 0.1", [hex: :nerves_time_zones, repo: "hexpm", optional: true]}], "hexpm", "1a9ff03ec4cc386f3d04557845d992e90660b103885ad86b4d6c4a5fe258c5c2"},
  "nerves_network": {:hex, :nerves_network, "0.5.5", "4690c362707f76c4072810bd9639b2ae8eb7dd9c21119656308b462a087230aa", [:make, :mix], [{:elixir_make, "~> 0.5", [hex: :elixir_make, repo: "hexpm", optional: false]}, {:nerves_network_interface, "~> 0.4.4", [hex: :nerves_network_interface, repo: "hexpm", optional: false]}, {:nerves_wpa_supplicant, "~> 0.5", [hex: :nerves_wpa_supplicant, repo: "hexpm", optional: false]}, {:one_dhcpd, "~> 0.2.0", [hex: :one_dhcpd, repo: "hexpm", optional: false]}, {:system_registry, "~> 0.7", [hex: :system_registry, repo: "hexpm", optional: false]}], "hexpm", "5e63529c6e128d147f5a6df82bd7daffd211057b8ac0c8ba625939a7fde9ccff"},
  "nerves_network_interface": {:hex, :nerves_network_interface, "0.4.6", "d50e57daca8154f0f780fd98eb5ae94a005579e0d72d69840e80e228375d88ad", [:make, :mix], [{:elixir_make, "~> 0.5", [hex: :elixir_make, repo: "hexpm", optional: false]}], "hexpm", "94eb89db67ceb17a7f3465d55c05b00e8d8cf10aa812556745ce0c06868768d3"},
  "nerves_pack": {:hex, :nerves_pack, "0.7.0", "bc93834edbb9321b180dc104440070279eb02159359715f68f770e74ed86a582", [:mix], [{:mdns_lite, "~> 0.8", [hex: :mdns_lite, repo: "hexpm", optional: false]}, {:nerves_motd, "~> 0.1", [hex: :nerves_motd, repo: "hexpm", optional: false]}, {:nerves_runtime, "~> 0.6", [hex: :nerves_runtime, repo: "hexpm", optional: false]}, {:nerves_ssh, "~> 0.3", [hex: :nerves_ssh, repo: "hexpm", optional: false]}, {:nerves_time, "~> 0.3", [hex: :nerves_time, repo: "hexpm", optional: false]}, {:ring_logger, "~> 0.8", [hex: :ring_logger, repo: "hexpm", optional: false]}, {:vintage_net, "~> 0.10", [hex: :vintage_net, repo: "hexpm", optional: false]}, {:vintage_net_direct, "~> 0.10", [hex: :vintage_net_direct, repo: "hexpm", optional: false]}, {:vintage_net_ethernet, "~> 0.10", [hex: :vintage_net_ethernet, repo: "hexpm", optional: false]}, {:vintage_net_wifi, "~> 0.10", [hex: :vintage_net_wifi, repo: "hexpm", optional: false]}], "hexpm", "65a43ea78c10938c87c72d6d42a82c05e831e9a95a0ea26fe8f9d848c009cc57"},
  "nerves_runtime": {:hex, :nerves_runtime, "0.13.3", "378d6dda56291c0144567f24eb2d4ade314012443ce5d03542adec93091ad9b7", [:mix], [{:nerves_logging, "~> 0.2.0", [hex: :nerves_logging, repo: "hexpm", optional: false]}, {:nerves_uevent, "~> 0.1.0", [hex: :nerves_uevent, repo: "hexpm", optional: false]}, {:uboot_env, "~> 0.3.0 or ~> 1.0", [hex: :uboot_env, repo: "hexpm", optional: false]}], "hexpm", "00b51d9675cae78cc82910e18508e5c8b8a032dad7a83d417c4d061d802e3107"},
  "nerves_ssh": {:hex, :nerves_ssh, "0.4.1", "d20ee21b0b4b3624051cb24af11dac08879ae24bccb9f7ba845b6877666bfb6e", [:mix], [{:nerves_runtime, "~> 0.11", [hex: :nerves_runtime, repo: "hexpm", optional: false]}, {:ssh_subsystem_fwup, "~> 0.5", [hex: :ssh_subsystem_fwup, repo: "hexpm", optional: false]}], "hexpm", "45105baad45d576459c8caf1057d1fbc4c2fd119e989368e7a43fda52eb7e900"},
  "nerves_system_bbb": {:hex, :nerves_system_bbb, "2.18.2", "994a9ac28b3186c02922c05b938da2f8d157f3fa1badbdc71ae582602d342d40", [:mix], [{:nerves, "~> 1.6.0 or ~> 1.7.15 or ~> 1.8", [hex: :nerves, repo: "hexpm", optional: false]}, {:nerves_system_br, "1.23.3", [hex: :nerves_system_br, repo: "hexpm", optional: false]}, {:nerves_toolchain_armv7_nerves_linux_gnueabihf, "~> 1.8.0", [hex: :nerves_toolchain_armv7_nerves_linux_gnueabihf, repo: "hexpm", optional: false]}], "hexpm", "5c9e755a73278e54f23827333db96a06d42dacdd28de6b4e02e551481804870b"},
  "nerves_system_br": {:hex, :nerves_system_br, "1.23.3", "9ea1fa4df627e4cf5b498d506a6f4ac94654c82a5d259386bb4d5d2cab91eccc", [:mix], [], "hexpm", "fd28e1d92151fdd61bd5db06f11cd9e0b252592315fd9be774643f659206af52"},
  "nerves_system_rpi": {:hex, :nerves_system_rpi, "1.23.2", "6a68af27a29c2d44d00a595aef1f953688586cf1853d7b6e442188a25cf60fab", [:mix], [{:nerves, "~> 1.6.0 or ~> 1.7.15 or ~> 1.8", [hex: :nerves, repo: "hexpm", optional: false]}, {:nerves_system_br, "1.23.3", [hex: :nerves_system_br, repo: "hexpm", optional: false]}, {:nerves_toolchain_armv6_nerves_linux_gnueabihf, "~> 1.8.0", [hex: :nerves_toolchain_armv6_nerves_linux_gnueabihf, repo: "hexpm", optional: false]}], "hexpm", "42e88018112549c5d99ab64b9262c440a6d0d13cdd4002bd5ddcc328eb24832a"},
  "nerves_system_rpi0": {:hex, :nerves_system_rpi0, "1.23.2", "85eab41e16eec94ec8297b8c44271b317aee084e3dd201ec55f0b3d26605a0f0", [:mix], [{:nerves, "~> 1.6.0 or ~> 1.7.15 or ~> 1.8", [hex: :nerves, repo: "hexpm", optional: false]}, {:nerves_system_br, "1.23.3", [hex: :nerves_system_br, repo: "hexpm", optional: false]}, {:nerves_toolchain_armv6_nerves_linux_gnueabihf, "~> 1.8.0", [hex: :nerves_toolchain_armv6_nerves_linux_gnueabihf, repo: "hexpm", optional: false]}], "hexpm", "c87605849dd41536eb2074855b1924c39e172cbb606255ffbfad11a5b47510d0"},
  "nerves_system_rpi2": {:hex, :nerves_system_rpi2, "1.23.2", "4ee838b53c24d63f8afdbfb7c180130bf4215474c6a6c8c5cc89ab9b6efb7214", [:mix], [{:nerves, "~> 1.5.4 or ~> 1.6.0 or ~> 1.7.15 or ~> 1.8", [hex: :nerves, repo: "hexpm", optional: false]}, {:nerves_system_br, "1.23.3", [hex: :nerves_system_br, repo: "hexpm", optional: false]}, {:nerves_toolchain_armv7_nerves_linux_gnueabihf, "~> 1.8.0", [hex: :nerves_toolchain_armv7_nerves_linux_gnueabihf, repo: "hexpm", optional: false]}], "hexpm", "c642e881df7743305eabf2a27cae41130d3ab305bd227d4a2be87d7f56d7cc59"},
  "nerves_system_rpi3": {:hex, :nerves_system_rpi3, "1.23.2", "09da995b37e40c91f52bc797139be607f5902b1c66784d05d6108cd1199314ba", [:mix], [{:nerves, "~> 1.5.4 or ~> 1.6.0 or ~> 1.7.15 or ~> 1.8", [hex: :nerves, repo: "hexpm", optional: false]}, {:nerves_system_br, "1.23.3", [hex: :nerves_system_br, repo: "hexpm", optional: false]}, {:nerves_toolchain_armv7_nerves_linux_gnueabihf, "~> 1.8.0", [hex: :nerves_toolchain_armv7_nerves_linux_gnueabihf, repo: "hexpm", optional: false]}], "hexpm", "e01a87d55dc6b56bf0f1006263fcc826916b0e8ff5d4fa68667f398ef58f02f1"},
  "nerves_system_rpi4": {:hex, :nerves_system_rpi4, "1.23.2", "71fd2214ad06c0a8361ae3c7ad1c797dd3fba8fb10a8b287ff26d72806858cee", [:mix], [{:nerves, "~> 1.5.4 or ~> 1.6.0 or ~> 1.7.15 or ~> 1.8", [hex: :nerves, repo: "hexpm", optional: false]}, {:nerves_system_br, "1.23.3", [hex: :nerves_system_br, repo: "hexpm", optional: false]}, {:nerves_toolchain_aarch64_nerves_linux_gnu, "~> 1.8.0", [hex: :nerves_toolchain_aarch64_nerves_linux_gnu, repo: "hexpm", optional: false]}], "hexpm", "2f21fb9808e9b68ef447a9eee596d65e7a9623102d6c9012046d9b523e97bc9d"},
  "nerves_system_x86_64": {:hex, :nerves_system_x86_64, "1.23.2", "f6ab17b2e9f10b58baf47f379808e1105d9ea185a467be5722ce4d34abd58543", [:mix], [{:nerves, "~> 1.5.4 or ~> 1.6.0 or ~> 1.7.15 or ~> 1.8", [hex: :nerves, repo: "hexpm", optional: false]}, {:nerves_system_br, "1.23.3", [hex: :nerves_system_br, repo: "hexpm", optional: false]}, {:nerves_toolchain_x86_64_nerves_linux_musl, "~> 1.8.0", [hex: :nerves_toolchain_x86_64_nerves_linux_musl, repo: "hexpm", optional: false]}], "hexpm", "914a5c6df355e42e6d20a88f52fe7c87c6fb850f3ca15390cf26be6957718361"},
  "nerves_time": {:hex, :nerves_time, "0.4.5", "038d6754421b20f21eff8918f006d26a2c3e7440dc6954c4164030427e9228d8", [:make, :mix], [{:elixir_make, "~> 0.6", [hex: :elixir_make, repo: "hexpm", optional: false]}, {:muontrap, "~> 0.5 or ~> 1.0", [hex: :muontrap, repo: "hexpm", optional: false]}], "hexpm", "cbe4593bb63ba6fd66f09c321f558037ca9de6ad8b93bc0dc77c4209c4734a88"},
  "nerves_toolchain_aarch64_nerves_linux_gnu": {:hex, :nerves_toolchain_aarch64_nerves_linux_gnu, "1.8.0", "40f7fe58737aaa9c6beee0e3599cca2265d1b4e40d7ab2713d7ad872349f21c2", [:mix], [{:nerves, "~> 1.4", [hex: :nerves, repo: "hexpm", optional: false]}, {:nerves_toolchain_ctng, "~> 1.9.3", [hex: :nerves_toolchain_ctng, repo: "hexpm", optional: false]}], "hexpm", "c06a16b54634bbab7348ee7686e3b02574e0af742144c406b0f196b5b374349c"},
  "nerves_toolchain_armv6_nerves_linux_gnueabihf": {:hex, :nerves_toolchain_armv6_nerves_linux_gnueabihf, "1.8.0", "ac380cc3c20d0fe20256c4366548f5e099813602cc00f3433c3d426d7978f721", [:mix], [{:nerves, "~> 1.0", [hex: :nerves, repo: "hexpm", optional: false]}, {:nerves_toolchain_ctng, "~> 1.9.3", [hex: :nerves_toolchain_ctng, repo: "hexpm", optional: false]}], "hexpm", "d9d5182ba20fb14463f4d4be578dd04d79616bc2896c09eeb9f26d60990b750d"},
  "nerves_toolchain_armv7_nerves_linux_gnueabihf": {:hex, :nerves_toolchain_armv7_nerves_linux_gnueabihf, "1.8.0", "2286e6272c340c3f49a29632321ad1ff6d8d09ddf130669d42530430bf13b3a7", [:mix], [{:nerves, "~> 1.0", [hex: :nerves, repo: "hexpm", optional: false]}, {:nerves_toolchain_ctng, "~> 1.9.3", [hex: :nerves_toolchain_ctng, repo: "hexpm", optional: false]}], "hexpm", "099e109947165275d6050f561757827f2d10dd63fa6fd7cbbae5ed57b9f748ee"},
  "nerves_toolchain_ctng": {:hex, :nerves_toolchain_ctng, "1.9.3", "60e87fde05988c4264babc8d68a9221c7b8fe5dc195b7d1526f29b8e626c735c", [:mix], [{:nerves, "~> 1.0", [hex: :nerves, repo: "hexpm", optional: false]}], "hexpm", "2b6edb0687b7f78d3fa49958d759f647e351b23c1f59f637c617a6dc179994ae"},
  "nerves_toolchain_x86_64_nerves_linux_musl": {:hex, :nerves_toolchain_x86_64_nerves_linux_musl, "1.8.0", "0d766d676436820017ae7f22e9eec35d42071387d1a1d420a8ef513c46e3990a", [:mix], [{:nerves, "~> 1.0", [hex: :nerves, repo: "hexpm", optional: false]}, {:nerves_toolchain_ctng, "~> 1.9.3", [hex: :nerves_toolchain_ctng, repo: "hexpm", optional: false]}], "hexpm", "8fa0c79f42858e4295f874e207c5be8bfb17a974de2be156fb8d8338e897f92a"},
  "nerves_uevent": {:hex, :nerves_uevent, "0.1.0", "651111a46be9a238560cbf7946989fc500e5f33d7035fd9ea7194d07a281bc19", [:make, :mix], [{:elixir_make, "~> 0.6", [hex: :elixir_make, repo: "hexpm", optional: false]}, {:property_table, "~> 0.2.0", [hex: :property_table, repo: "hexpm", optional: false]}], "hexpm", "cb0b1993c3ed3cefadbcdb534e910af0661f95c3445796ce8a7c8be3519a4e5f"},
  "nerves_wpa_supplicant": {:hex, :nerves_wpa_supplicant, "0.5.2", "4ec392fc08faf35f50d1070446c2e5019f6b85bd53f5716f904e3f75716d9596", [:make, :mix], [{:elixir_make, "~> 0.5", [hex: :elixir_make, repo: "hexpm", optional: false]}], "hexpm", "c286ed5397fa185ab986226596eeb72d8f5f9f1b1156103418193f85905da713"},
  "one_dhcpd": {:hex, :one_dhcpd, "2.0.1", "d2d24dcb29f84072f3666580e4fb297ce8533c61667f78c94643ad37d586f7b8", [:make, :mix], [{:elixir_make, "~> 0.6", [hex: :elixir_make, repo: "hexpm", optional: false]}], "hexpm", "1558faedeb560bb358827864bec3e862eadfcbaa589f9c2d457f49c833db704c"},
  "phoenix": {:hex, :phoenix, "1.6.15", "0a1d96bbc10747fd83525370d691953cdb6f3ccbac61aa01b4acb012474b047d", [:mix], [{:castore, ">= 0.0.0", [hex: :castore, repo: "hexpm", optional: false]}, {:jason, "~> 1.0", [hex: :jason, repo: "hexpm", optional: true]}, {:phoenix_pubsub, "~> 2.0", [hex: :phoenix_pubsub, repo: "hexpm", optional: false]}, {:phoenix_view, "~> 1.0 or ~> 2.0", [hex: :phoenix_view, repo: "hexpm", optional: false]}, {:plug, "~> 1.10", [hex: :plug, repo: "hexpm", optional: false]}, {:plug_cowboy, "~> 2.2", [hex: :plug_cowboy, repo: "hexpm", optional: true]}, {:plug_crypto, "~> 1.2", [hex: :plug_crypto, repo: "hexpm", optional: false]}, {:telemetry, "~> 0.4 or ~> 1.0", [hex: :telemetry, repo: "hexpm", optional: false]}], "hexpm", "d70ab9fbf6b394755ea88b644d34d79d8b146e490973151f248cacd122d20672"},
  "phoenix_html": {:hex, :phoenix_html, "3.2.0", "1c1219d4b6cb22ac72f12f73dc5fad6c7563104d083f711c3fcd8551a1f4ae11", [:mix], [{:plug, "~> 1.5", [hex: :plug, repo: "hexpm", optional: true]}], "hexpm", "36ec97ba56d25c0136ef1992c37957e4246b649d620958a1f9fa86165f8bc54f"},
  "phoenix_live_dashboard": {:hex, :phoenix_live_dashboard, "0.6.5", "1495bb014be12c9a9252eca04b9af54246f6b5c1e4cd1f30210cd00ec540cf8e", [:mix], [{:ecto, "~> 3.6.2 or ~> 3.7", [hex: :ecto, repo: "hexpm", optional: true]}, {:ecto_mysql_extras, "~> 0.3", [hex: :ecto_mysql_extras, repo: "hexpm", optional: true]}, {:ecto_psql_extras, "~> 0.7", [hex: :ecto_psql_extras, repo: "hexpm", optional: true]}, {:mime, "~> 1.6 or ~> 2.0", [hex: :mime, repo: "hexpm", optional: false]}, {:phoenix_live_view, "~> 0.17.7", [hex: :phoenix_live_view, repo: "hexpm", optional: false]}, {:telemetry_metrics, "~> 0.6.0", [hex: :telemetry_metrics, repo: "hexpm", optional: false]}], "hexpm", "ef4fa50dd78364409039c99cf6f98ab5209b4c5f8796c17f4db118324f0db852"},
  "phoenix_live_view": {:hex, :phoenix_live_view, "0.17.12", "74f4c0ad02d7deac2d04f50b52827a5efdc5c6e7fac5cede145f5f0e4183aedc", [:mix], [{:jason, "~> 1.0", [hex: :jason, repo: "hexpm", optional: true]}, {:phoenix, "~> 1.6.0 or ~> 1.7.0", [hex: :phoenix, repo: "hexpm", optional: false]}, {:phoenix_html, "~> 3.1", [hex: :phoenix_html, repo: "hexpm", optional: false]}, {:telemetry, "~> 0.4.2 or ~> 1.0", [hex: :telemetry, repo: "hexpm", optional: false]}], "hexpm", "af6dd5e0aac16ff43571f527a8e0616d62cb80b10eb87aac82170243e50d99c8"},
  "phoenix_pubsub": {:hex, :phoenix_pubsub, "2.1.1", "ba04e489ef03763bf28a17eb2eaddc2c20c6d217e2150a61e3298b0f4c2012b5", [:mix], [], "hexpm", "81367c6d1eea5878ad726be80808eb5a787a23dee699f96e72b1109c57cdd8d9"},
  "phoenix_template": {:hex, :phoenix_template, "1.0.0", "c57bc5044f25f007dc86ab21895688c098a9f846a8dda6bc40e2d0ddc146e38f", [:mix], [{:phoenix_html, "~> 2.14.2 or ~> 3.0", [hex: :phoenix_html, repo: "hexpm", optional: true]}], "hexpm", "1b066f99a26fd22064c12b2600a9a6e56700f591bf7b20b418054ea38b4d4357"},
  "phoenix_view": {:hex, :phoenix_view, "2.0.2", "6bd4d2fd595ef80d33b439ede6a19326b78f0f1d8d62b9a318e3d9c1af351098", [:mix], [{:phoenix_html, "~> 2.14.2 or ~> 3.0", [hex: :phoenix_html, repo: "hexpm", optional: true]}, {:phoenix_template, "~> 1.0", [hex: :phoenix_template, repo: "hexpm", optional: false]}], "hexpm", "a929e7230ea5c7ee0e149ffcf44ce7cf7f4b6d2bfe1752dd7c084cdff152d36f"},
  "plug": {:hex, :plug, "1.14.0", "ba4f558468f69cbd9f6b356d25443d0b796fbdc887e03fa89001384a9cac638f", [:mix], [{:mime, "~> 1.0 or ~> 2.0", [hex: :mime, repo: "hexpm", optional: false]}, {:plug_crypto, "~> 1.1.1 or ~> 1.2", [hex: :plug_crypto, repo: "hexpm", optional: false]}, {:telemetry, "~> 0.4.3 or ~> 1.0", [hex: :telemetry, repo: "hexpm", optional: false]}], "hexpm", "bf020432c7d4feb7b3af16a0c2701455cbbbb95e5b6866132cb09eb0c29adc14"},
  "plug_cowboy": {:hex, :plug_cowboy, "2.6.0", "d1cf12ff96a1ca4f52207c5271a6c351a4733f413803488d75b70ccf44aebec2", [:mix], [{:cowboy, "~> 2.7", [hex: :cowboy, repo: "hexpm", optional: false]}, {:cowboy_telemetry, "~> 0.3", [hex: :cowboy_telemetry, repo: "hexpm", optional: false]}, {:plug, "~> 1.14", [hex: :plug, repo: "hexpm", optional: false]}], "hexpm", "073cf20b753ce6682ed72905cd62a2d4bd9bad1bf9f7feb02a1b8e525bd94fa6"},
  "plug_crypto": {:hex, :plug_crypto, "1.2.3", "8f77d13aeb32bfd9e654cb68f0af517b371fb34c56c9f2b58fe3df1235c1251a", [:mix], [], "hexpm", "b5672099c6ad5c202c45f5a403f21a3411247f164e4a8fab056e5cd8a290f4a2"},
  "poison": {:hex, :poison, "5.0.0", "d2b54589ab4157bbb82ec2050757779bfed724463a544b6e20d79855a9e43b24", [:mix], [{:decimal, "~> 2.0", [hex: :decimal, repo: "hexpm", optional: true]}], "hexpm", "11dc6117c501b80c62a7594f941d043982a1bd05a1184280c0d9166eb4d8d3fc"},
  "property_table": {:hex, :property_table, "0.2.2", "79c6879e74f510d8a5990d574e9da85fb8a8e7e14c5ad6367fdc8f757ec58ba2", [:mix], [], "hexpm", "984870a52d531413dc36c194e0b438a1d70781a222fae588bb965d460cb112ff"},
  "ranch": {:hex, :ranch, "1.8.0", "8c7a100a139fd57f17327b6413e4167ac559fbc04ca7448e9be9057311597a1d", [:make, :rebar3], [], "hexpm", "49fbcfd3682fab1f5d109351b61257676da1a2fdbe295904176d5e521a2ddfe5"},
  "ring_logger": {:hex, :ring_logger, "0.8.6", "8159b877f184f6d3b9e72b2dbd08545b1f93b20f73e827234282273e76223e51", [:mix], [{:circular_buffer, "~> 0.4.0", [hex: :circular_buffer, repo: "hexpm", optional: false]}], "hexpm", "f19684a5413ad455422cea10ec164d71de390f42ce6f703c345d87bcb188f315"},
  "shoehorn": {:hex, :shoehorn, "0.9.1", "8e12670024c2942e3c2fdd27cd5a034ee0337ee7c25c37b3ebc2ad482de67199", [:mix], [], "hexpm", "fccd040ac22de9b3cc111bbf78a363832c7210010a3fff4a550fbb2f10de0692"},
  "ssh_subsystem_fwup": {:hex, :ssh_subsystem_fwup, "0.6.1", "628f8e3795de5f1d0e7b3b55de4248ab0a77ab4c47e3cd282f1dda89d6354a9f", [:mix], [], "hexpm", "babdae337f2dc011ab5478662b4ec850650d7acfb165662ae47f6f0ce8892499"},
  "system_registry": {:hex, :system_registry, "0.8.2", "df791dc276652fcfb53be4dab823e05f8269b96ac57c26f86a67838dbc0eefe7", [:mix], [], "hexpm", "f7acdede22c73ab0b3735eead7f2095efb2a7a6198366564205274db2ca2a8f8"},
  "telemetry": {:hex, :telemetry, "1.1.0", "a589817034a27eab11144ad24d5c0f9fab1f58173274b1e9bae7074af9cbee51", [:rebar3], [], "hexpm", "b727b2a1f75614774cff2d7565b64d0dfa5bd52ba517f16543e6fc7efcc0df48"},
  "telemetry_metrics": {:hex, :telemetry_metrics, "0.6.1", "315d9163a1d4660aedc3fee73f33f1d355dcc76c5c3ab3d59e76e3edf80eef1f", [:mix], [{:telemetry, "~> 0.4 or ~> 1.0", [hex: :telemetry, repo: "hexpm", optional: false]}], "hexpm", "7be9e0871c41732c233be71e4be11b96e56177bf15dde64a8ac9ce72ac9834c6"},
  "telemetry_poller": {:hex, :telemetry_poller, "1.0.0", "db91bb424e07f2bb6e73926fcafbfcbcb295f0193e0a00e825e589a0a47e8453", [:rebar3], [{:telemetry, "~> 1.0", [hex: :telemetry, repo: "hexpm", optional: false]}], "hexpm", "b3a24eafd66c3f42da30fc3ca7dda1e9d546c12250a2d60d7b81d264fbec4f6e"},
  "toolshed": {:hex, :toolshed, "0.2.26", "1e50c8ff6da61d304dd59598667c403ff0873319afb73f40efda775a49e00c93", [:mix], [{:nerves_runtime, "~> 0.8", [hex: :nerves_runtime, repo: "hexpm", optional: true]}], "hexpm", "7e92e03731ed39c1261d5baf58576a771d116e2e3461db35cdd45c78a6b999b2"},
  "uboot_env": {:hex, :uboot_env, "1.0.1", "b0e136cf1a561412ff7db23ed2b6df18d7c7ce2fc59941afd851006788a67f3d", [:mix], [], "hexpm", "b6d4fe7c24123be57ed946c48116d23173e37944bc945b8b76fccc437909c60b"},
  "vintage_net": {:hex, :vintage_net, "0.12.2", "2e6b858f0f4000476758a20ac72aefff899ec25adeb0233f284547b59f287dc4", [:make, :mix], [{:beam_notify, "~> 0.2.0 or ~> 1.0", [hex: :beam_notify, repo: "hexpm", optional: false]}, {:elixir_make, "~> 0.6", [hex: :elixir_make, repo: "hexpm", optional: false]}, {:gen_state_machine, "~> 2.0.0 or ~> 2.1.0 or ~> 3.0.0", [hex: :gen_state_machine, repo: "hexpm", optional: false]}, {:muontrap, "~> 0.5.1 or ~> 0.6.0 or ~> 1.0", [hex: :muontrap, repo: "hexpm", optional: false]}, {:property_table, "~> 0.2.0", [hex: :property_table, repo: "hexpm", optional: false]}], "hexpm", "8a3a55a5797d89daae591ede297e99883b29ce3e148d605f0e61fbb58203569b"},
  "vintage_net_direct": {:hex, :vintage_net_direct, "0.10.6", "a5e9ba836a6e384a3beebb65b3ed9d977d3487e1bd8889851bfe301b3a300393", [:mix], [{:one_dhcpd, "~> 0.2.3 or ~> 1.0 or ~> 2.0", [hex: :one_dhcpd, repo: "hexpm", optional: false]}, {:vintage_net, "~> 0.9.1 or ~> 0.10.0 or ~> 0.11.0 or ~> 0.12.0", [hex: :vintage_net, repo: "hexpm", optional: false]}], "hexpm", "f3927a0c1aea864eb70beb6267c7f2fa404985305ad3919cca737038920c9d35"},
  "vintage_net_ethernet": {:hex, :vintage_net_ethernet, "0.11.0", "3610e7961f0b595043b196e80e0eed86acf38098b65bfcb7fad1d30911bd2313", [:mix], [{:vintage_net, "~> 0.12.0", [hex: :vintage_net, repo: "hexpm", optional: false]}], "hexpm", "7720c70dee5955610a82ef9c4f6a57ae93f0fb717f29547c6a709a1baec8ac23"},
  "vintage_net_wifi": {:hex, :vintage_net_wifi, "0.11.1", "efbcc0eff75acfd0982044028dd6c8a73fc89a06fea9db6d64f10ae7dff8441c", [:make, :mix], [{:elixir_make, "~> 0.6", [hex: :elixir_make, repo: "hexpm", optional: false]}, {:vintage_net, "~> 0.12.0", [hex: :vintage_net, repo: "hexpm", optional: false]}], "hexpm", "7a40fd6d8a23eda1b866e14a2c5442f9a02ad5c02a2ee4f5ce08d86c7ce2632b"},
}
